
Microsoft Visual Studio Solution File, Format Version 12.00
# Visual Studio Version 17
VisualStudioVersion = 17.10.35004.147
MinimumVisualStudioVersion = 10.0.40219.1
Project("{9A19103F-16F7-4668-BE54-9A1E7A4F7556}") = "gumfa.services.AuthAPI", "gumfa.services.AuthAPI\gumfa.services.AuthAPI.csproj", "{95D72055-6CE8-4981-9DE3-34A120260190}"
EndProject
Project("{9A19103F-16F7-4668-BE54-9A1E7A4F7556}") = "gumfa.services.MasterAPI", "gumfa.services.MasterAPI\gumfa.services.MasterAPI.csproj", "{A018415A-BC14-4A66-AB9F-544860B2EED5}"
EndProject
Project("{FAE04EC0-301F-11D3-BF4B-00C04F79EFBC}") = "gumfa.Web", "gumfa.Web\gumfa.Web.csproj", "{6884FF33-2367-430D-ABF3-AA41402A1A8A}"
EndProject
Global
	GlobalSection(SolutionConfigurationPlatforms) = preSolution
		Debug|Any CPU = Debug|Any CPU
		Release|Any CPU = Release|Any CPU
	EndGlobalSection
	GlobalSection(ProjectConfigurationPlatforms) = postSolution
		{95D72055-6CE8-4981-9DE3-34A120260190}.Debug|Any CPU.ActiveCfg = Debug|Any CPU
		{95D72055-6CE8-4981-9DE3-34A120260190}.Debug|Any CPU.Build.0 = Debug|Any CPU
		{95D72055-6CE8-4981-9DE3-34A120260190}.Release|Any CPU.ActiveCfg = Release|Any CPU
		{95D72055-6CE8-4981-9DE3-34A120260190}.Release|Any CPU.Build.0 = Release|Any CPU
		{A018415A-BC14-4A66-AB9F-544860B2EED5}.Debug|Any CPU.ActiveCfg = Debug|Any CPU
		{A018415A-BC14-4A66-AB9F-544860B2EED5}.Debug|Any CPU.Build.0 = Debug|Any CPU
		{A018415A-BC14-4A66-AB9F-544860B2EED5}.Release|Any CPU.ActiveCfg = Release|Any CPU
		{A018415A-BC14-4A66-AB9F-544860B2EED5}.Release|Any CPU.Build.0 = Release|Any CPU
		{6884FF33-2367-430D-ABF3-AA41402A1A8A}.Debug|Any CPU.ActiveCfg = Debug|Any CPU
		{6884FF33-2367-430D-ABF3-AA41402A1A8A}.Debug|Any CPU.Build.0 = Debug|Any CPU
		{6884FF33-2367-430D-ABF3-AA41402A1A8A}.Release|Any CPU.ActiveCfg = Release|Any CPU
		{6884FF33-2367-430D-ABF3-AA41402A1A8A}.Release|Any CPU.Build.0 = Release|Any CPU
	EndGlobalSection
	GlobalSection(SolutionProperties) = preSolution
		HideSolutionNode = FALSE
	EndGlobalSection
	GlobalSection(ExtensibilityGlobals) = postSolution
		SolutionGuid = {8D8267EC-2B08-4D82-AFD9-B8DD9D19F7E8}
	EndGlobalSection
EndGlobal
